
Microsoft Visual Studio Solution File, Format Version 12.00
# Visual Studio Version 17
VisualStudioVersion = 17.2.32616.157
MinimumVisualStudioVersion = 10.0.40219.1
Project("{2150E333-8FDC-42A3-9474-1A3956D46DE8}") = "src", "src", "{9C8DB257-B7D5-4A8C-BF59-6E81D76AA7C6}"
EndProject
Project("{2150E333-8FDC-42A3-9474-1A3956D46DE8}") = "Core", "Core", "{0F38EB61-BEFF-4E49-BB4A-90DA90AF553D}"
EndProject
Project("{2150E333-8FDC-42A3-9474-1A3956D46DE8}") = "Infraestructure", "Infraestructure", "{49E1511D-192B-4225-B649-862516D2F1A8}"
EndProject
Project("{2150E333-8FDC-42A3-9474-1A3956D46DE8}") = "Presentation", "Presentation", "{3EB0CF48-2A73-4489-8C2F-02B78F263673}"
EndProject
Project("{9A19103F-16F7-4668-BE54-9A1E7A4F7556}") = "Application", "src\Application\Application.csproj", "{03E09251-4000-4D12-8981-A784D9960129}"
EndProject
Project("{9A19103F-16F7-4668-BE54-9A1E7A4F7556}") = "Domain", "src\Domain\Domain.csproj", "{84C8E8E4-767F-46E5-9E96-B5FB2A8FA1AE}"
EndProject
Project("{9A19103F-16F7-4668-BE54-9A1E7A4F7556}") = "Persistence", "src\Persistence\Persistence.csproj", "{9499A383-7F27-4DF1-9E6A-BF046DFBA428}"
EndProject
Project("{9A19103F-16F7-4668-BE54-9A1E7A4F7556}") = "AngelValdiviezoWebApi", "src\AngelValdiviezoWebApi\AngelValdiviezoWebApi.csproj", "{E24E2D22-9996-40B8-BFC4-67FF977DD148}"
EndProject
Project("{2150E333-8FDC-42A3-9474-1A3956D46DE8}") = "_Security", "_Security", "{BFDACA69-8A88-4C0D-A9AC-3820FF996774}"
EndProject
Project("{FAE04EC0-301F-11D3-BF4B-00C04F79EFBC}") = "Module.Security.Infraestructure", "Module.Security.Infraestructure\Module.Security.Infraestructure.csproj", "{77EFE09F-C27C-4EF1-9C88-7023871455F5}"
EndProject
Project("{2150E333-8FDC-42A3-9474-1A3956D46DE8}") = "_Common", "_Common", "{EF63C6BA-53BA-4D22-BABC-B4F71E44E93C}"
EndProject
Project("{FAE04EC0-301F-11D3-BF4B-00C04F79EFBC}") = "Common.Domain", "Common.Domain\Common.Domain.csproj", "{8E2EE502-DC24-4BD4-A9DF-B4DF4163B372}"
EndProject
Project("{FAE04EC0-301F-11D3-BF4B-00C04F79EFBC}") = "WebApp", "WebApp\WebApp.csproj", "{136E1171-6B0C-4DF4-B99A-8AE102A6847F}"
EndProject
Project("{FAE04EC0-301F-11D3-BF4B-00C04F79EFBC}") = "Common.Infraestructure", "Common.Infraestructure\Common.Infraestructure.csproj", "{BA2D0CCE-316F-4C2C-8A50-1A156EA7D99F}"
EndProject
Project("{FAE04EC0-301F-11D3-BF4B-00C04F79EFBC}") = "Module.Security.Domain", "Module.Security.Domain\Module.Security.Domain.csproj", "{087C4024-70B4-466A-891B-54AE6275BC23}"
EndProject
Global
	GlobalSection(SolutionConfigurationPlatforms) = preSolution
		Debug|Any CPU = Debug|Any CPU
		Release|Any CPU = Release|Any CPU
	EndGlobalSection
	GlobalSection(ProjectConfigurationPlatforms) = postSolution
		{03E09251-4000-4D12-8981-A784D9960129}.Debug|Any CPU.ActiveCfg = Debug|Any CPU
		{03E09251-4000-4D12-8981-A784D9960129}.Debug|Any CPU.Build.0 = Debug|Any CPU
		{03E09251-4000-4D12-8981-A784D9960129}.Release|Any CPU.ActiveCfg = Release|Any CPU
		{03E09251-4000-4D12-8981-A784D9960129}.Release|Any CPU.Build.0 = Release|Any CPU
		{84C8E8E4-767F-46E5-9E96-B5FB2A8FA1AE}.Debug|Any CPU.ActiveCfg = Debug|Any CPU
		{84C8E8E4-767F-46E5-9E96-B5FB2A8FA1AE}.Debug|Any CPU.Build.0 = Debug|Any CPU
		{84C8E8E4-767F-46E5-9E96-B5FB2A8FA1AE}.Release|Any CPU.ActiveCfg = Release|Any CPU
		{84C8E8E4-767F-46E5-9E96-B5FB2A8FA1AE}.Release|Any CPU.Build.0 = Release|Any CPU
		{9499A383-7F27-4DF1-9E6A-BF046DFBA428}.Debug|Any CPU.ActiveCfg = Debug|Any CPU
		{9499A383-7F27-4DF1-9E6A-BF046DFBA428}.Debug|Any CPU.Build.0 = Debug|Any CPU
		{9499A383-7F27-4DF1-9E6A-BF046DFBA428}.Release|Any CPU.ActiveCfg = Release|Any CPU
		{9499A383-7F27-4DF1-9E6A-BF046DFBA428}.Release|Any CPU.Build.0 = Release|Any CPU
		{E24E2D22-9996-40B8-BFC4-67FF977DD148}.Debug|Any CPU.ActiveCfg = Debug|Any CPU
		{E24E2D22-9996-40B8-BFC4-67FF977DD148}.Debug|Any CPU.Build.0 = Debug|Any CPU
		{E24E2D22-9996-40B8-BFC4-67FF977DD148}.Release|Any CPU.ActiveCfg = Release|Any CPU
		{E24E2D22-9996-40B8-BFC4-67FF977DD148}.Release|Any CPU.Build.0 = Release|Any CPU
		{77EFE09F-C27C-4EF1-9C88-7023871455F5}.Debug|Any CPU.ActiveCfg = Debug|Any CPU
		{77EFE09F-C27C-4EF1-9C88-7023871455F5}.Debug|Any CPU.Build.0 = Debug|Any CPU
		{77EFE09F-C27C-4EF1-9C88-7023871455F5}.Release|Any CPU.ActiveCfg = Release|Any CPU
		{77EFE09F-C27C-4EF1-9C88-7023871455F5}.Release|Any CPU.Build.0 = Release|Any CPU
		{8E2EE502-DC24-4BD4-A9DF-B4DF4163B372}.Debug|Any CPU.ActiveCfg = Debug|Any CPU
		{8E2EE502-DC24-4BD4-A9DF-B4DF4163B372}.Debug|Any CPU.Build.0 = Debug|Any CPU
		{8E2EE502-DC24-4BD4-A9DF-B4DF4163B372}.Release|Any CPU.ActiveCfg = Release|Any CPU
		{8E2EE502-DC24-4BD4-A9DF-B4DF4163B372}.Release|Any CPU.Build.0 = Release|Any CPU
		{136E1171-6B0C-4DF4-B99A-8AE102A6847F}.Debug|Any CPU.ActiveCfg = Debug|Any CPU
		{136E1171-6B0C-4DF4-B99A-8AE102A6847F}.Debug|Any CPU.Build.0 = Debug|Any CPU
		{136E1171-6B0C-4DF4-B99A-8AE102A6847F}.Release|Any CPU.ActiveCfg = Release|Any CPU
		{136E1171-6B0C-4DF4-B99A-8AE102A6847F}.Release|Any CPU.Build.0 = Release|Any CPU
		{BA2D0CCE-316F-4C2C-8A50-1A156EA7D99F}.Debug|Any CPU.ActiveCfg = Debug|Any CPU
		{BA2D0CCE-316F-4C2C-8A50-1A156EA7D99F}.Debug|Any CPU.Build.0 = Debug|Any CPU
		{BA2D0CCE-316F-4C2C-8A50-1A156EA7D99F}.Release|Any CPU.ActiveCfg = Release|Any CPU
		{BA2D0CCE-316F-4C2C-8A50-1A156EA7D99F}.Release|Any CPU.Build.0 = Release|Any CPU
		{087C4024-70B4-466A-891B-54AE6275BC23}.Debug|Any CPU.ActiveCfg = Debug|Any CPU
		{087C4024-70B4-466A-891B-54AE6275BC23}.Debug|Any CPU.Build.0 = Debug|Any CPU
		{087C4024-70B4-466A-891B-54AE6275BC23}.Release|Any CPU.ActiveCfg = Release|Any CPU
		{087C4024-70B4-466A-891B-54AE6275BC23}.Release|Any CPU.Build.0 = Release|Any CPU
	EndGlobalSection
	GlobalSection(SolutionProperties) = preSolution
		HideSolutionNode = FALSE
	EndGlobalSection
	GlobalSection(NestedProjects) = preSolution
		{0F38EB61-BEFF-4E49-BB4A-90DA90AF553D} = {9C8DB257-B7D5-4A8C-BF59-6E81D76AA7C6}
		{49E1511D-192B-4225-B649-862516D2F1A8} = {9C8DB257-B7D5-4A8C-BF59-6E81D76AA7C6}
		{3EB0CF48-2A73-4489-8C2F-02B78F263673} = {9C8DB257-B7D5-4A8C-BF59-6E81D76AA7C6}
		{03E09251-4000-4D12-8981-A784D9960129} = {0F38EB61-BEFF-4E49-BB4A-90DA90AF553D}
		{84C8E8E4-767F-46E5-9E96-B5FB2A8FA1AE} = {0F38EB61-BEFF-4E49-BB4A-90DA90AF553D}
		{9499A383-7F27-4DF1-9E6A-BF046DFBA428} = {49E1511D-192B-4225-B649-862516D2F1A8}
		{E24E2D22-9996-40B8-BFC4-67FF977DD148} = {3EB0CF48-2A73-4489-8C2F-02B78F263673}
		{BFDACA69-8A88-4C0D-A9AC-3820FF996774} = {9C8DB257-B7D5-4A8C-BF59-6E81D76AA7C6}
		{77EFE09F-C27C-4EF1-9C88-7023871455F5} = {BFDACA69-8A88-4C0D-A9AC-3820FF996774}
		{EF63C6BA-53BA-4D22-BABC-B4F71E44E93C} = {9C8DB257-B7D5-4A8C-BF59-6E81D76AA7C6}
		{8E2EE502-DC24-4BD4-A9DF-B4DF4163B372} = {EF63C6BA-53BA-4D22-BABC-B4F71E44E93C}
		{136E1171-6B0C-4DF4-B99A-8AE102A6847F} = {3EB0CF48-2A73-4489-8C2F-02B78F263673}
		{BA2D0CCE-316F-4C2C-8A50-1A156EA7D99F} = {EF63C6BA-53BA-4D22-BABC-B4F71E44E93C}
		{087C4024-70B4-466A-891B-54AE6275BC23} = {BFDACA69-8A88-4C0D-A9AC-3820FF996774}
	EndGlobalSection
	GlobalSection(ExtensibilityGlobals) = postSolution
		SolutionGuid = {A1D10505-427E-4AEB-B224-A28B4DC23851}
	EndGlobalSection
EndGlobal
